
Microsoft Visual Studio Solution File, Format Version 12.00
# Visual Studio Version 17
VisualStudioVersion = 17.10.35004.147
MinimumVisualStudioVersion = 10.0.40219.1
Project("{FAE04EC0-301F-11D3-BF4B-00C04F79EFBC}") = "OnDemandCarWash", "OnDemandCarWash\OnDemandCarWash.csproj", "{014DC91E-2257-4B6C-986D-AC44F8B4CDAB}"
EndProject
Global
	GlobalSection(SolutionConfigurationPlatforms) = preSolution
		Debug|Any CPU = Debug|Any CPU
		Release|Any CPU = Release|Any CPU
	EndGlobalSection
	GlobalSection(ProjectConfigurationPlatforms) = postSolution
		{014DC91E-2257-4B6C-986D-AC44F8B4CDAB}.Debug|Any CPU.ActiveCfg = Debug|Any CPU
		{014DC91E-2257-4B6C-986D-AC44F8B4CDAB}.Debug|Any CPU.Build.0 = Debug|Any CPU
		{014DC91E-2257-4B6C-986D-AC44F8B4CDAB}.Release|Any CPU.ActiveCfg = Release|Any CPU
		{014DC91E-2257-4B6C-986D-AC44F8B4CDAB}.Release|Any CPU.Build.0 = Release|Any CPU
	EndGlobalSection
	GlobalSection(SolutionProperties) = preSolution
		HideSolutionNode = FALSE
	EndGlobalSection
	GlobalSection(ExtensibilityGlobals) = postSolution
		SolutionGuid = {EF9EA4D8-1692-4CA5-BF83-5CCAB290A034}
	EndGlobalSection
EndGlobal
